{
  "version": 4,
  "terraform_version": "1.1.9",
  "serial": 592,
  "lineage": "5dc43587-a377-5af3-a9bf-c699742afd24",
  "outputs": {
    "app_ip": {
      "value": "161.35.123.161",
      "type": "string"
    },
    "db_ip": {
      "value": "143.198.166.220",
      "type": "string"
    },
    "db_private_ip": {
      "value": "10.116.16.3",
      "type": "string"
    }
  },
  "resources": [
    {
      "module": "module.semiphemeral",
      "mode": "managed",
      "type": "digitalocean_domain",
      "name": "domain",
      "provider": "provider[\"registry.terraform.io/terraform-providers/digitalocean\"]",
      "instances": [
        {
          "schema_version": 0,
          "attributes": {
            "id": "staging.semiphemeral.com",
            "ip_address": "161.35.123.161",
            "name": "staging.semiphemeral.com",
            "ttl": 1800,
            "urn": "do:domain:staging.semiphemeral.com"
          },
          "sensitive_attributes": [],
          "private": "bnVsbA==",
          "dependencies": [
            "module.semiphemeral.digitalocean_droplet.app",
            "module.semiphemeral.digitalocean_vpc.semiphemeral"
          ]
        }
      ]
    },
    {
      "module": "module.semiphemeral",
      "mode": "managed",
      "type": "digitalocean_droplet",
      "name": "app",
      "provider": "provider[\"registry.terraform.io/terraform-providers/digitalocean\"]",
      "instances": [
        {
          "schema_version": 1,
          "attributes": {
            "backups": false,
            "created_at": "2022-04-25T02:47:14Z",
            "disk": 60,
            "droplet_agent": null,
            "graceful_shutdown": false,
            "id": "296911673",
            "image": "ubuntu-20-04-x64",
            "ipv4_address": "161.35.123.161",
            "ipv4_address_private": "10.116.16.2",
            "ipv6": false,
            "ipv6_address": "",
            "locked": false,
            "memory": 2048,
            "monitoring": true,
            "name": "app-staging",
            "price_hourly": 0.02232,
            "price_monthly": 15,
            "private_networking": true,
            "region": "nyc1",
            "resize_disk": true,
            "size": "s-2vcpu-2gb",
            "ssh_keys": [
              "fa:33:3e:67:46:1b:e2:46:91:00:35:70:53:97:2f:0d"
            ],
            "status": "active",
            "tags": [],
            "urn": "do:droplet:296911673",
            "user_data": null,
            "vcpus": 2,
            "volume_ids": [],
            "vpc_uuid": "5766eb52-6d18-413a-8261-6c648bb17328"
          },
          "sensitive_attributes": [],
          "private": "eyJzY2hlbWFfdmVyc2lvbiI6IjEifQ==",
          "dependencies": [
            "module.semiphemeral.digitalocean_vpc.semiphemeral"
          ]
        }
      ]
    },
    {
      "module": "module.semiphemeral",
      "mode": "managed",
      "type": "digitalocean_droplet",
      "name": "db",
      "provider": "provider[\"registry.terraform.io/terraform-providers/digitalocean\"]",
      "instances": [
        {
          "schema_version": 1,
          "attributes": {
            "backups": false,
            "created_at": "2022-04-25T02:47:14Z",
            "disk": 60,
            "droplet_agent": null,
            "graceful_shutdown": false,
            "id": "296911674",
            "image": "ubuntu-20-04-x64",
            "ipv4_address": "143.198.166.220",
            "ipv4_address_private": "10.116.16.3",
            "ipv6": false,
            "ipv6_address": "",
            "locked": false,
            "memory": 2048,
            "monitoring": true,
            "name": "db-staging",
            "price_hourly": 0.02232,
            "price_monthly": 15,
            "private_networking": true,
            "region": "nyc1",
            "resize_disk": true,
            "size": "s-2vcpu-2gb",
            "ssh_keys": [
              "fa:33:3e:67:46:1b:e2:46:91:00:35:70:53:97:2f:0d"
            ],
            "status": "active",
            "tags": [],
            "urn": "do:droplet:296911674",
            "user_data": null,
            "vcpus": 2,
            "volume_ids": [
              "04da0006-c442-11ec-bf42-0a58ac14506d"
            ],
            "vpc_uuid": "5766eb52-6d18-413a-8261-6c648bb17328"
          },
          "sensitive_attributes": [],
          "private": "eyJzY2hlbWFfdmVyc2lvbiI6IjEifQ==",
          "dependencies": [
            "module.semiphemeral.digitalocean_vpc.semiphemeral"
          ]
        }
      ]
    },
    {
      "module": "module.semiphemeral",
      "mode": "managed",
      "type": "digitalocean_firewall",
      "name": "app",
      "provider": "provider[\"registry.terraform.io/terraform-providers/digitalocean\"]",
      "instances": [
        {
          "schema_version": 0,
          "attributes": {
            "created_at": "2022-04-25T02:47:59Z",
            "droplet_ids": [
              296911673
            ],
            "id": "176995be-f3a2-4d52-bb3d-28839c8b586f",
            "inbound_rule": [
              {
                "port_range": "22",
                "protocol": "tcp",
                "source_addresses": [
                  "76.20.12.187"
                ],
                "source_droplet_ids": [],
                "source_kubernetes_ids": [],
                "source_load_balancer_uids": [],
                "source_tags": []
              },
              {
                "port_range": "443",
                "protocol": "tcp",
                "source_addresses": [
                  "0.0.0.0/0",
                  "::/0"
                ],
                "source_droplet_ids": [],
                "source_kubernetes_ids": [],
                "source_load_balancer_uids": [],
                "source_tags": []
              },
              {
                "port_range": "80",
                "protocol": "tcp",
                "source_addresses": [
                  "0.0.0.0/0",
                  "::/0"
                ],
                "source_droplet_ids": [],
                "source_kubernetes_ids": [],
                "source_load_balancer_uids": [],
                "source_tags": []
              },
              {
                "port_range": null,
                "protocol": "icmp",
                "source_addresses": [
                  "0.0.0.0/0",
                  "::/0"
                ],
                "source_droplet_ids": [],
                "source_kubernetes_ids": [],
                "source_load_balancer_uids": [],
                "source_tags": []
              }
            ],
            "name": "app-staging",
            "outbound_rule": [
              {
                "destination_addresses": [
                  "0.0.0.0/0",
                  "::/0"
                ],
                "destination_droplet_ids": [],
                "destination_kubernetes_ids": [],
                "destination_load_balancer_uids": [],
                "destination_tags": [],
                "port_range": "",
                "protocol": "icmp"
              },
              {
                "destination_addresses": [
                  "0.0.0.0/0",
                  "::/0"
                ],
                "destination_droplet_ids": [],
                "destination_kubernetes_ids": [],
                "destination_load_balancer_uids": [],
                "destination_tags": [],
                "port_range": "443",
                "protocol": "tcp"
              },
              {
                "destination_addresses": [
                  "0.0.0.0/0",
                  "::/0"
                ],
                "destination_droplet_ids": [],
                "destination_kubernetes_ids": [],
                "destination_load_balancer_uids": [],
                "destination_tags": [],
                "port_range": "53",
                "protocol": "tcp"
              },
              {
                "destination_addresses": [
                  "0.0.0.0/0",
                  "::/0"
                ],
                "destination_droplet_ids": [],
                "destination_kubernetes_ids": [],
                "destination_load_balancer_uids": [],
                "destination_tags": [],
                "port_range": "53",
                "protocol": "udp"
              },
              {
                "destination_addresses": [
                  "0.0.0.0/0",
                  "::/0"
                ],
                "destination_droplet_ids": [],
                "destination_kubernetes_ids": [],
                "destination_load_balancer_uids": [],
                "destination_tags": [],
                "port_range": "80",
                "protocol": "tcp"
              },
              {
                "destination_addresses": [
                  "10.116.16.3"
                ],
                "destination_droplet_ids": [],
                "destination_kubernetes_ids": [],
                "destination_load_balancer_uids": [],
                "destination_tags": [],
                "port_range": "5432",
                "protocol": "tcp"
              }
            ],
            "pending_changes": [],
            "status": "succeeded",
            "tags": []
          },
          "sensitive_attributes": [],
          "private": "bnVsbA==",
          "dependencies": [
            "module.semiphemeral.digitalocean_droplet.app",
            "module.semiphemeral.digitalocean_droplet.db"
          ]
        }
      ]
    },
    {
      "module": "module.semiphemeral",
      "mode": "managed",
      "type": "digitalocean_firewall",
      "name": "db",
      "provider": "provider[\"registry.terraform.io/terraform-providers/digitalocean\"]",
      "instances": [
        {
          "schema_version": 0,
          "attributes": {
            "created_at": "2022-04-25T02:47:59Z",
            "droplet_ids": [
              296911674
            ],
            "id": "2aca0686-fd6c-4c53-8f9a-1c94f6d63c02",
            "inbound_rule": [
              {
                "port_range": "22",
                "protocol": "tcp",
                "source_addresses": [
                  "76.20.12.187"
                ],
                "source_droplet_ids": [],
                "source_kubernetes_ids": [],
                "source_load_balancer_uids": [],
                "source_tags": []
              },
              {
                "port_range": "5432",
                "protocol": "tcp",
                "source_addresses": [
                  "10.116.16.2"
                ],
                "source_droplet_ids": [],
                "source_kubernetes_ids": [],
                "source_load_balancer_uids": [],
                "source_tags": []
              },
              {
                "port_range": null,
                "protocol": "icmp",
                "source_addresses": [
                  "0.0.0.0/0",
                  "::/0"
                ],
                "source_droplet_ids": [],
                "source_kubernetes_ids": [],
                "source_load_balancer_uids": [],
                "source_tags": []
              }
            ],
            "name": "db-staging",
            "outbound_rule": [
              {
                "destination_addresses": [
                  "0.0.0.0/0",
                  "::/0"
                ],
                "destination_droplet_ids": [],
                "destination_kubernetes_ids": [],
                "destination_load_balancer_uids": [],
                "destination_tags": [],
                "port_range": "",
                "protocol": "icmp"
              },
              {
                "destination_addresses": [
                  "0.0.0.0/0",
                  "::/0"
                ],
                "destination_droplet_ids": [],
                "destination_kubernetes_ids": [],
                "destination_load_balancer_uids": [],
                "destination_tags": [],
                "port_range": "443",
                "protocol": "tcp"
              },
              {
                "destination_addresses": [
                  "0.0.0.0/0",
                  "::/0"
                ],
                "destination_droplet_ids": [],
                "destination_kubernetes_ids": [],
                "destination_load_balancer_uids": [],
                "destination_tags": [],
                "port_range": "53",
                "protocol": "tcp"
              },
              {
                "destination_addresses": [
                  "0.0.0.0/0",
                  "::/0"
                ],
                "destination_droplet_ids": [],
                "destination_kubernetes_ids": [],
                "destination_load_balancer_uids": [],
                "destination_tags": [],
                "port_range": "53",
                "protocol": "udp"
              },
              {
                "destination_addresses": [
                  "0.0.0.0/0",
                  "::/0"
                ],
                "destination_droplet_ids": [],
                "destination_kubernetes_ids": [],
                "destination_load_balancer_uids": [],
                "destination_tags": [],
                "port_range": "80",
                "protocol": "tcp"
              }
            ],
            "pending_changes": [
              {
                "droplet_id": 296911674,
                "removing": false,
                "status": "waiting"
              }
            ],
            "status": "waiting",
            "tags": []
          },
          "sensitive_attributes": [],
          "private": "bnVsbA==",
          "dependencies": [
            "module.semiphemeral.digitalocean_droplet.app",
            "module.semiphemeral.digitalocean_droplet.db"
          ]
        }
      ]
    },
    {
      "module": "module.semiphemeral",
      "mode": "managed",
      "type": "digitalocean_record",
      "name": "helm_cname",
      "provider": "provider[\"registry.terraform.io/terraform-providers/digitalocean\"]",
      "instances": [
        {
          "schema_version": 0,
          "attributes": {
            "domain": "staging.semiphemeral.com",
            "flags": 0,
            "fqdn": "mail._domainkey.staging.semiphemeral.com",
            "id": "307981443",
            "name": "mail._domainkey",
            "port": 0,
            "priority": 0,
            "tag": "",
            "ttl": 3600,
            "type": "CNAME",
            "value": "mail._domainkey.hush.blue.",
            "weight": 0
          },
          "sensitive_attributes": [],
          "private": "bnVsbA==",
          "dependencies": [
            "module.semiphemeral.digitalocean_domain.domain",
            "module.semiphemeral.digitalocean_droplet.app",
            "module.semiphemeral.digitalocean_vpc.semiphemeral"
          ]
        }
      ]
    },
    {
      "module": "module.semiphemeral",
      "mode": "managed",
      "type": "digitalocean_record",
      "name": "helm_mx",
      "provider": "provider[\"registry.terraform.io/terraform-providers/digitalocean\"]",
      "instances": [
        {
          "schema_version": 0,
          "attributes": {
            "domain": "staging.semiphemeral.com",
            "flags": 0,
            "fqdn": "staging.semiphemeral.com",
            "id": "307981441",
            "name": "@",
            "port": 0,
            "priority": 10,
            "tag": "",
            "ttl": 3600,
            "type": "MX",
            "value": "helm.hush.blue.",
            "weight": 0
          },
          "sensitive_attributes": [],
          "private": "bnVsbA==",
          "dependencies": [
            "module.semiphemeral.digitalocean_domain.domain",
            "module.semiphemeral.digitalocean_droplet.app",
            "module.semiphemeral.digitalocean_vpc.semiphemeral"
          ]
        }
      ]
    },
    {
      "module": "module.semiphemeral",
      "mode": "managed",
      "type": "digitalocean_record",
      "name": "helm_txt1",
      "provider": "provider[\"registry.terraform.io/terraform-providers/digitalocean\"]",
      "instances": [
        {
          "schema_version": 0,
          "attributes": {
            "domain": "staging.semiphemeral.com",
            "flags": 0,
            "fqdn": "staging.semiphemeral.com",
            "id": "307981444",
            "name": "@",
            "port": 0,
            "priority": 0,
            "tag": "",
            "ttl": 3600,
            "type": "TXT",
            "value": "v=spf1 include:hush.blue -all",
            "weight": 0
          },
          "sensitive_attributes": [],
          "private": "bnVsbA==",
          "dependencies": [
            "module.semiphemeral.digitalocean_domain.domain",
            "module.semiphemeral.digitalocean_droplet.app",
            "module.semiphemeral.digitalocean_vpc.semiphemeral"
          ]
        }
      ]
    },
    {
      "module": "module.semiphemeral",
      "mode": "managed",
      "type": "digitalocean_record",
      "name": "helm_txt2",
      "provider": "provider[\"registry.terraform.io/terraform-providers/digitalocean\"]",
      "instances": [
        {
          "schema_version": 0,
          "attributes": {
            "domain": "staging.semiphemeral.com",
            "flags": 0,
            "fqdn": "_dmarc.staging.semiphemeral.com",
            "id": "307981442",
            "name": "_dmarc",
            "port": 0,
            "priority": 0,
            "tag": "",
            "ttl": 3600,
            "type": "TXT",
            "value": "v=DMARC1; p=reject; sp=reject; pct=100; aspf=r; fo=0; rua=mailto:postmaster@semiphemeral.com",
            "weight": 0
          },
          "sensitive_attributes": [],
          "private": "bnVsbA==",
          "dependencies": [
            "module.semiphemeral.digitalocean_domain.domain",
            "module.semiphemeral.digitalocean_droplet.app",
            "module.semiphemeral.digitalocean_vpc.semiphemeral"
          ]
        }
      ]
    },
    {
      "module": "module.semiphemeral",
      "mode": "managed",
      "type": "digitalocean_volume",
      "name": "db_data",
      "provider": "provider[\"registry.terraform.io/terraform-providers/digitalocean\"]",
      "instances": [
        {
          "schema_version": 0,
          "attributes": {
            "description": null,
            "droplet_ids": [
              296911674
            ],
            "filesystem_label": null,
            "filesystem_type": "ext4",
            "id": "04da0006-c442-11ec-bf42-0a58ac14506d",
            "initial_filesystem_label": null,
            "initial_filesystem_type": "ext4",
            "name": "db-staging",
            "region": "nyc1",
            "size": 256,
            "snapshot_id": null,
            "tags": [],
            "urn": "do:volume:04da0006-c442-11ec-bf42-0a58ac14506d"
          },
          "sensitive_attributes": [],
          "private": "bnVsbA=="
        }
      ]
    },
    {
      "module": "module.semiphemeral",
      "mode": "managed",
      "type": "digitalocean_volume_attachment",
      "name": "db_data",
      "provider": "provider[\"registry.terraform.io/terraform-providers/digitalocean\"]",
      "instances": [
        {
          "schema_version": 0,
          "attributes": {
            "droplet_id": 296911674,
            "id": "296911674-04da0006-c442-11ec-bf42-0a58ac14506d-20220425024815147300000001",
            "volume_id": "04da0006-c442-11ec-bf42-0a58ac14506d"
          },
          "sensitive_attributes": [],
          "private": "bnVsbA==",
          "dependencies": [
            "module.semiphemeral.digitalocean_droplet.db",
            "module.semiphemeral.digitalocean_volume.db_data",
            "module.semiphemeral.digitalocean_vpc.semiphemeral"
          ]
        }
      ]
    },
    {
      "module": "module.semiphemeral",
      "mode": "managed",
      "type": "digitalocean_vpc",
      "name": "semiphemeral",
      "provider": "provider[\"registry.terraform.io/terraform-providers/digitalocean\"]",
      "instances": [
        {
          "schema_version": 0,
          "attributes": {
            "created_at": "2022-04-25 02:47:13 +0000 UTC",
            "default": false,
            "description": "",
            "id": "5766eb52-6d18-413a-8261-6c648bb17328",
            "ip_range": "10.116.16.0/20",
            "name": "semiphemeral-staging",
            "region": "nyc1",
            "timeouts": null,
            "urn": "do:vpc:5766eb52-6d18-413a-8261-6c648bb17328"
          },
          "sensitive_attributes": [],
          "private": "eyJlMmJmYjczMC1lY2FhLTExZTYtOGY4OC0zNDM2M2JjN2M0YzAiOnsiZGVsZXRlIjoxMjAwMDAwMDAwMDB9fQ=="
        }
      ]
    }
  ]
}
