{
  "version": 4,
  "terraform_version": "0.12.18",
  "serial": 91,
  "lineage": "6cd8525b-26eb-cdb5-96b4-32eae609a4fe",
  "outputs": {
    "app_ip": {
      "value": "67.205.166.231",
      "type": "string"
    }
  },
  "resources": [
    {
      "module": "module.semiphemeral",
      "mode": "managed",
      "type": "digitalocean_domain",
      "name": "backend",
      "provider": "provider.digitalocean",
      "instances": [
        {
          "schema_version": 0,
          "attributes": {
            "id": "api.staging.semiphemeral.com",
            "ip_address": "67.205.166.231",
            "name": "api.staging.semiphemeral.com",
            "urn": "do:domain:api.staging.semiphemeral.com"
          },
          "private": "bnVsbA==",
          "dependencies": [
            "module.semiphemeral.digitalocean_droplet.app"
          ]
        }
      ]
    },
    {
      "module": "module.semiphemeral",
      "mode": "managed",
      "type": "digitalocean_domain",
      "name": "frontend",
      "provider": "provider.digitalocean",
      "instances": [
        {
          "schema_version": 0,
          "attributes": {
            "id": "staging.semiphemeral.com",
            "ip_address": "67.205.166.231",
            "name": "staging.semiphemeral.com",
            "urn": "do:domain:staging.semiphemeral.com"
          },
          "private": "bnVsbA==",
          "dependencies": [
            "module.semiphemeral.digitalocean_droplet.app"
          ]
        }
      ]
    },
    {
      "module": "module.semiphemeral",
      "mode": "managed",
      "type": "digitalocean_droplet",
      "name": "app",
      "provider": "provider.digitalocean",
      "instances": [
        {
          "schema_version": 1,
          "attributes": {
            "backups": false,
            "created_at": "2019-12-29T23:39:23Z",
            "disk": 50,
            "id": "173490355",
            "image": "debian-10-x64",
            "ipv4_address": "67.205.166.231",
            "ipv4_address_private": "10.136.168.79",
            "ipv6": false,
            "ipv6_address": "",
            "ipv6_address_private": null,
            "locked": false,
            "memory": 2048,
            "monitoring": false,
            "name": "app-staging",
            "price_hourly": 0.01488,
            "price_monthly": 10,
            "private_networking": true,
            "region": "nyc1",
            "resize_disk": true,
            "size": "s-1vcpu-2gb",
            "ssh_keys": [
              "fa:33:3e:67:46:1b:e2:46:91:00:35:70:53:97:2f:0d"
            ],
            "status": "active",
            "tags": [],
            "urn": "do:droplet:173490355",
            "user_data": null,
            "vcpus": 1,
            "volume_ids": []
          },
          "private": "eyJzY2hlbWFfdmVyc2lvbiI6IjEifQ=="
        }
      ]
    },
    {
      "module": "module.semiphemeral",
      "mode": "managed",
      "type": "digitalocean_firewall",
      "name": "app",
      "provider": "provider.digitalocean",
      "instances": [
        {
          "schema_version": 0,
          "attributes": {
            "created_at": null,
            "droplet_ids": [
              173490355
            ],
            "id": "03eaeaf5-1eae-497d-a747-850fdb88d180",
            "inbound_rule": [
              {
                "port_range": "",
                "protocol": "icmp",
                "source_addresses": [
                  "193.148.18.195"
                ],
                "source_droplet_ids": [],
                "source_load_balancer_uids": [],
                "source_tags": []
              },
              {
                "port_range": "22",
                "protocol": "tcp",
                "source_addresses": [
                  "193.148.18.195"
                ],
                "source_droplet_ids": [],
                "source_load_balancer_uids": [],
                "source_tags": []
              },
              {
                "port_range": "443",
                "protocol": "tcp",
                "source_addresses": [
                  "193.148.18.195"
                ],
                "source_droplet_ids": [],
                "source_load_balancer_uids": [],
                "source_tags": []
              },
              {
                "port_range": "80",
                "protocol": "tcp",
                "source_addresses": [
                  "193.148.18.195"
                ],
                "source_droplet_ids": [],
                "source_load_balancer_uids": [],
                "source_tags": []
              }
            ],
            "name": "only-22-80-and-443",
            "outbound_rule": [
              {
                "destination_addresses": [
                  "0.0.0.0/0",
                  "::/0"
                ],
                "destination_droplet_ids": [],
                "destination_load_balancer_uids": [],
                "destination_tags": [],
                "port_range": "",
                "protocol": "icmp"
              },
              {
                "destination_addresses": [
                  "0.0.0.0/0",
                  "::/0"
                ],
                "destination_droplet_ids": [],
                "destination_load_balancer_uids": [],
                "destination_tags": [],
                "port_range": "443",
                "protocol": "tcp"
              },
              {
                "destination_addresses": [
                  "0.0.0.0/0",
                  "::/0"
                ],
                "destination_droplet_ids": [],
                "destination_load_balancer_uids": [],
                "destination_tags": [],
                "port_range": "53",
                "protocol": "tcp"
              },
              {
                "destination_addresses": [
                  "0.0.0.0/0",
                  "::/0"
                ],
                "destination_droplet_ids": [],
                "destination_load_balancer_uids": [],
                "destination_tags": [],
                "port_range": "53",
                "protocol": "udp"
              },
              {
                "destination_addresses": [
                  "0.0.0.0/0",
                  "::/0"
                ],
                "destination_droplet_ids": [],
                "destination_load_balancer_uids": [],
                "destination_tags": [],
                "port_range": "80",
                "protocol": "tcp"
              }
            ],
            "pending_changes": [
              {
                "droplet_id": 173490355,
                "removing": false,
                "status": "waiting"
              }
            ],
            "status": "waiting",
            "tags": []
          },
          "private": "bnVsbA==",
          "dependencies": [
            "module.semiphemeral.digitalocean_droplet.app"
          ]
        }
      ]
    }
  ]
}
