{
  "version": 4,
  "terraform_version": "1.3.3",
  "serial": 700,
  "lineage": "5dc43587-a377-5af3-a9bf-c699742afd24",
  "outputs": {
    "app_ip": {
      "value": "165.22.183.178",
      "type": "string"
    },
    "db_ip": {
      "value": "165.22.183.202",
      "type": "string"
    },
    "db_private_ip": {
      "value": "10.116.16.3",
      "type": "string"
    }
  },
  "resources": [
    {
      "module": "module.semiphemeral",
      "mode": "managed",
      "type": "digitalocean_domain",
      "name": "domain",
      "provider": "provider[\"registry.terraform.io/digitalocean/digitalocean\"]",
      "instances": [
        {
          "schema_version": 0,
          "attributes": {
            "id": "staging.semiphemeral.com",
            "ip_address": "165.22.183.178",
            "name": "staging.semiphemeral.com",
            "ttl": 1800,
            "urn": "do:domain:staging.semiphemeral.com"
          },
          "sensitive_attributes": [],
          "private": "bnVsbA==",
          "dependencies": [
            "module.semiphemeral.digitalocean_droplet.app",
            "module.semiphemeral.digitalocean_vpc.semiphemeral"
          ]
        }
      ]
    },
    {
      "module": "module.semiphemeral",
      "mode": "managed",
      "type": "digitalocean_droplet",
      "name": "app",
      "provider": "provider[\"registry.terraform.io/digitalocean/digitalocean\"]",
      "instances": [
        {
          "schema_version": 1,
          "attributes": {
            "backups": false,
            "created_at": "2022-10-27T00:30:50Z",
            "disk": 60,
            "droplet_agent": true,
            "graceful_shutdown": false,
            "id": "323084262",
            "image": "ubuntu-22-04-x64",
            "ipv4_address": "165.22.183.178",
            "ipv4_address_private": "10.116.16.2",
            "ipv6": false,
            "ipv6_address": "",
            "locked": false,
            "memory": 2048,
            "monitoring": true,
            "name": "app-staging",
            "price_hourly": 0.02679,
            "price_monthly": 18,
            "private_networking": true,
            "region": "nyc1",
            "resize_disk": true,
            "size": "s-2vcpu-2gb",
            "ssh_keys": [
              "9d:31:d2:f9:22:31:25:a1:3a:a7:c4:1e:6c:c8:35:31"
            ],
            "status": "active",
            "tags": null,
            "timeouts": null,
            "urn": "do:droplet:323084262",
            "user_data": null,
            "vcpus": 2,
            "volume_ids": [],
            "vpc_uuid": "c98fa6ac-a4a4-41dd-b04d-e6c58bf6af7f"
          },
          "sensitive_attributes": [],
          "private": "eyJlMmJmYjczMC1lY2FhLTExZTYtOGY4OC0zNDM2M2JjN2M0YzAiOnsiY3JlYXRlIjozNjAwMDAwMDAwMDAwLCJkZWxldGUiOjYwMDAwMDAwMDAwLCJ1cGRhdGUiOjM2MDAwMDAwMDAwMDB9LCJzY2hlbWFfdmVyc2lvbiI6IjEifQ==",
          "dependencies": [
            "module.semiphemeral.digitalocean_vpc.semiphemeral"
          ]
        }
      ]
    },
    {
      "module": "module.semiphemeral",
      "mode": "managed",
      "type": "digitalocean_droplet",
      "name": "db",
      "provider": "provider[\"registry.terraform.io/digitalocean/digitalocean\"]",
      "instances": [
        {
          "schema_version": 1,
          "attributes": {
            "backups": false,
            "created_at": "2022-10-27T00:30:50Z",
            "disk": 60,
            "droplet_agent": true,
            "graceful_shutdown": false,
            "id": "323084264",
            "image": "ubuntu-22-04-x64",
            "ipv4_address": "165.22.183.202",
            "ipv4_address_private": "10.116.16.3",
            "ipv6": false,
            "ipv6_address": "",
            "locked": false,
            "memory": 2048,
            "monitoring": true,
            "name": "db-staging",
            "price_hourly": 0.02679,
            "price_monthly": 18,
            "private_networking": true,
            "region": "nyc1",
            "resize_disk": true,
            "size": "s-2vcpu-2gb",
            "ssh_keys": [
              "9d:31:d2:f9:22:31:25:a1:3a:a7:c4:1e:6c:c8:35:31"
            ],
            "status": "active",
            "tags": null,
            "timeouts": null,
            "urn": "do:droplet:323084264",
            "user_data": null,
            "vcpus": 2,
            "volume_ids": [],
            "vpc_uuid": "c98fa6ac-a4a4-41dd-b04d-e6c58bf6af7f"
          },
          "sensitive_attributes": [],
          "private": "eyJlMmJmYjczMC1lY2FhLTExZTYtOGY4OC0zNDM2M2JjN2M0YzAiOnsiY3JlYXRlIjozNjAwMDAwMDAwMDAwLCJkZWxldGUiOjYwMDAwMDAwMDAwLCJ1cGRhdGUiOjM2MDAwMDAwMDAwMDB9LCJzY2hlbWFfdmVyc2lvbiI6IjEifQ==",
          "dependencies": [
            "module.semiphemeral.digitalocean_vpc.semiphemeral"
          ]
        }
      ]
    },
    {
      "module": "module.semiphemeral",
      "mode": "managed",
      "type": "digitalocean_firewall",
      "name": "app",
      "provider": "provider[\"registry.terraform.io/digitalocean/digitalocean\"]",
      "instances": [
        {
          "schema_version": 0,
          "attributes": {
            "created_at": "2022-10-27T00:31:32Z",
            "droplet_ids": [
              323084262
            ],
            "id": "c2979e8b-2abe-4ec8-8dcd-1fbc43c6e58e",
            "inbound_rule": [
              {
                "port_range": "",
                "protocol": "icmp",
                "source_addresses": [
                  "0.0.0.0/0",
                  "::/0"
                ],
                "source_droplet_ids": [],
                "source_kubernetes_ids": [],
                "source_load_balancer_uids": [],
                "source_tags": []
              },
              {
                "port_range": "22",
                "protocol": "tcp",
                "source_addresses": [
                  "0.0.0.0/0",
                  "::/0"
                ],
                "source_droplet_ids": [],
                "source_kubernetes_ids": [],
                "source_load_balancer_uids": [],
                "source_tags": []
              },
              {
                "port_range": "443",
                "protocol": "tcp",
                "source_addresses": [
                  "0.0.0.0/0",
                  "::/0"
                ],
                "source_droplet_ids": [],
                "source_kubernetes_ids": [],
                "source_load_balancer_uids": [],
                "source_tags": []
              },
              {
                "port_range": "80",
                "protocol": "tcp",
                "source_addresses": [
                  "0.0.0.0/0",
                  "::/0"
                ],
                "source_droplet_ids": [],
                "source_kubernetes_ids": [],
                "source_load_balancer_uids": [],
                "source_tags": []
              }
            ],
            "name": "app-staging",
            "outbound_rule": [
              {
                "destination_addresses": [
                  "0.0.0.0/0",
                  "::/0"
                ],
                "destination_droplet_ids": [],
                "destination_kubernetes_ids": [],
                "destination_load_balancer_uids": [],
                "destination_tags": [],
                "port_range": "",
                "protocol": "icmp"
              },
              {
                "destination_addresses": [
                  "0.0.0.0/0",
                  "::/0"
                ],
                "destination_droplet_ids": [],
                "destination_kubernetes_ids": [],
                "destination_load_balancer_uids": [],
                "destination_tags": [],
                "port_range": "443",
                "protocol": "tcp"
              },
              {
                "destination_addresses": [
                  "0.0.0.0/0",
                  "::/0"
                ],
                "destination_droplet_ids": [],
                "destination_kubernetes_ids": [],
                "destination_load_balancer_uids": [],
                "destination_tags": [],
                "port_range": "53",
                "protocol": "tcp"
              },
              {
                "destination_addresses": [
                  "0.0.0.0/0",
                  "::/0"
                ],
                "destination_droplet_ids": [],
                "destination_kubernetes_ids": [],
                "destination_load_balancer_uids": [],
                "destination_tags": [],
                "port_range": "53",
                "protocol": "udp"
              },
              {
                "destination_addresses": [
                  "0.0.0.0/0",
                  "::/0"
                ],
                "destination_droplet_ids": [],
                "destination_kubernetes_ids": [],
                "destination_load_balancer_uids": [],
                "destination_tags": [],
                "port_range": "80",
                "protocol": "tcp"
              },
              {
                "destination_addresses": [
                  "10.116.16.3"
                ],
                "destination_droplet_ids": [],
                "destination_kubernetes_ids": [],
                "destination_load_balancer_uids": [],
                "destination_tags": [],
                "port_range": "5432",
                "protocol": "tcp"
              }
            ],
            "pending_changes": [
              {
                "droplet_id": 323084262,
                "removing": false,
                "status": "waiting"
              }
            ],
            "status": "waiting",
            "tags": null
          },
          "sensitive_attributes": [],
          "private": "bnVsbA==",
          "dependencies": [
            "module.semiphemeral.digitalocean_droplet.app",
            "module.semiphemeral.digitalocean_droplet.db",
            "module.semiphemeral.digitalocean_vpc.semiphemeral"
          ]
        }
      ]
    },
    {
      "module": "module.semiphemeral",
      "mode": "managed",
      "type": "digitalocean_firewall",
      "name": "db",
      "provider": "provider[\"registry.terraform.io/digitalocean/digitalocean\"]",
      "instances": [
        {
          "schema_version": 0,
          "attributes": {
            "created_at": "2022-10-27T00:31:32Z",
            "droplet_ids": [
              323084264
            ],
            "id": "b6490c7c-26a5-4275-8b5a-98aa781bc12c",
            "inbound_rule": [
              {
                "port_range": "",
                "protocol": "icmp",
                "source_addresses": [
                  "0.0.0.0/0",
                  "::/0"
                ],
                "source_droplet_ids": [],
                "source_kubernetes_ids": [],
                "source_load_balancer_uids": [],
                "source_tags": []
              },
              {
                "port_range": "22",
                "protocol": "tcp",
                "source_addresses": [
                  "0.0.0.0/0",
                  "::/0"
                ],
                "source_droplet_ids": [],
                "source_kubernetes_ids": [],
                "source_load_balancer_uids": [],
                "source_tags": []
              },
              {
                "port_range": "5432",
                "protocol": "tcp",
                "source_addresses": [
                  "10.116.16.2"
                ],
                "source_droplet_ids": [],
                "source_kubernetes_ids": [],
                "source_load_balancer_uids": [],
                "source_tags": []
              }
            ],
            "name": "db-staging",
            "outbound_rule": [
              {
                "destination_addresses": [
                  "0.0.0.0/0",
                  "::/0"
                ],
                "destination_droplet_ids": [],
                "destination_kubernetes_ids": [],
                "destination_load_balancer_uids": [],
                "destination_tags": [],
                "port_range": "",
                "protocol": "icmp"
              },
              {
                "destination_addresses": [
                  "0.0.0.0/0",
                  "::/0"
                ],
                "destination_droplet_ids": [],
                "destination_kubernetes_ids": [],
                "destination_load_balancer_uids": [],
                "destination_tags": [],
                "port_range": "22",
                "protocol": "tcp"
              },
              {
                "destination_addresses": [
                  "0.0.0.0/0",
                  "::/0"
                ],
                "destination_droplet_ids": [],
                "destination_kubernetes_ids": [],
                "destination_load_balancer_uids": [],
                "destination_tags": [],
                "port_range": "443",
                "protocol": "tcp"
              },
              {
                "destination_addresses": [
                  "0.0.0.0/0",
                  "::/0"
                ],
                "destination_droplet_ids": [],
                "destination_kubernetes_ids": [],
                "destination_load_balancer_uids": [],
                "destination_tags": [],
                "port_range": "53",
                "protocol": "tcp"
              },
              {
                "destination_addresses": [
                  "0.0.0.0/0",
                  "::/0"
                ],
                "destination_droplet_ids": [],
                "destination_kubernetes_ids": [],
                "destination_load_balancer_uids": [],
                "destination_tags": [],
                "port_range": "53",
                "protocol": "udp"
              },
              {
                "destination_addresses": [
                  "0.0.0.0/0",
                  "::/0"
                ],
                "destination_droplet_ids": [],
                "destination_kubernetes_ids": [],
                "destination_load_balancer_uids": [],
                "destination_tags": [],
                "port_range": "80",
                "protocol": "tcp"
              }
            ],
            "pending_changes": [
              {
                "droplet_id": 323084264,
                "removing": false,
                "status": "waiting"
              }
            ],
            "status": "waiting",
            "tags": null
          },
          "sensitive_attributes": [],
          "private": "bnVsbA==",
          "dependencies": [
            "module.semiphemeral.digitalocean_droplet.app",
            "module.semiphemeral.digitalocean_droplet.db",
            "module.semiphemeral.digitalocean_vpc.semiphemeral"
          ]
        }
      ]
    },
    {
      "module": "module.semiphemeral",
      "mode": "managed",
      "type": "digitalocean_record",
      "name": "helm_cname",
      "provider": "provider[\"registry.terraform.io/digitalocean/digitalocean\"]",
      "instances": [
        {
          "schema_version": 0,
          "attributes": {
            "domain": "staging.semiphemeral.com",
            "flags": 0,
            "fqdn": "mail._domainkey.staging.semiphemeral.com",
            "id": "344956959",
            "name": "mail._domainkey",
            "port": 0,
            "priority": 0,
            "tag": "",
            "ttl": 3600,
            "type": "CNAME",
            "value": "mail._domainkey.hush.blue.",
            "weight": 0
          },
          "sensitive_attributes": [],
          "private": "bnVsbA==",
          "dependencies": [
            "module.semiphemeral.digitalocean_domain.domain",
            "module.semiphemeral.digitalocean_droplet.app",
            "module.semiphemeral.digitalocean_vpc.semiphemeral"
          ]
        }
      ]
    },
    {
      "module": "module.semiphemeral",
      "mode": "managed",
      "type": "digitalocean_record",
      "name": "helm_mx",
      "provider": "provider[\"registry.terraform.io/digitalocean/digitalocean\"]",
      "instances": [
        {
          "schema_version": 0,
          "attributes": {
            "domain": "staging.semiphemeral.com",
            "flags": 0,
            "fqdn": "staging.semiphemeral.com",
            "id": "344956953",
            "name": "@",
            "port": 0,
            "priority": 10,
            "tag": "",
            "ttl": 3600,
            "type": "MX",
            "value": "helm.hush.blue.",
            "weight": 0
          },
          "sensitive_attributes": [],
          "private": "bnVsbA==",
          "dependencies": [
            "module.semiphemeral.digitalocean_domain.domain",
            "module.semiphemeral.digitalocean_droplet.app",
            "module.semiphemeral.digitalocean_vpc.semiphemeral"
          ]
        }
      ]
    },
    {
      "module": "module.semiphemeral",
      "mode": "managed",
      "type": "digitalocean_record",
      "name": "helm_txt1",
      "provider": "provider[\"registry.terraform.io/digitalocean/digitalocean\"]",
      "instances": [
        {
          "schema_version": 0,
          "attributes": {
            "domain": "staging.semiphemeral.com",
            "flags": 0,
            "fqdn": "staging.semiphemeral.com",
            "id": "344956958",
            "name": "@",
            "port": 0,
            "priority": 0,
            "tag": "",
            "ttl": 3600,
            "type": "TXT",
            "value": "v=spf1 include:hush.blue -all",
            "weight": 0
          },
          "sensitive_attributes": [],
          "private": "bnVsbA==",
          "dependencies": [
            "module.semiphemeral.digitalocean_domain.domain",
            "module.semiphemeral.digitalocean_droplet.app",
            "module.semiphemeral.digitalocean_vpc.semiphemeral"
          ]
        }
      ]
    },
    {
      "module": "module.semiphemeral",
      "mode": "managed",
      "type": "digitalocean_record",
      "name": "helm_txt2",
      "provider": "provider[\"registry.terraform.io/digitalocean/digitalocean\"]",
      "instances": [
        {
          "schema_version": 0,
          "attributes": {
            "domain": "staging.semiphemeral.com",
            "flags": 0,
            "fqdn": "_dmarc.staging.semiphemeral.com",
            "id": "344956961",
            "name": "_dmarc",
            "port": 0,
            "priority": 0,
            "tag": "",
            "ttl": 3600,
            "type": "TXT",
            "value": "v=DMARC1; p=reject; sp=reject; pct=100; aspf=r; fo=0; rua=mailto:postmaster@semiphemeral.com",
            "weight": 0
          },
          "sensitive_attributes": [],
          "private": "bnVsbA==",
          "dependencies": [
            "module.semiphemeral.digitalocean_domain.domain",
            "module.semiphemeral.digitalocean_droplet.app",
            "module.semiphemeral.digitalocean_vpc.semiphemeral"
          ]
        }
      ]
    },
    {
      "module": "module.semiphemeral",
      "mode": "managed",
      "type": "digitalocean_volume",
      "name": "db_data",
      "provider": "provider[\"registry.terraform.io/digitalocean/digitalocean\"]",
      "instances": [
        {
          "schema_version": 0,
          "attributes": {
            "description": null,
            "droplet_ids": [],
            "filesystem_label": null,
            "filesystem_type": "ext4",
            "id": "9b9400a5-558e-11ed-90c3-0a58ac1454b0",
            "initial_filesystem_label": null,
            "initial_filesystem_type": "ext4",
            "name": "db-staging",
            "region": "nyc1",
            "size": 256,
            "snapshot_id": null,
            "tags": null,
            "urn": "do:volume:9b9400a5-558e-11ed-90c3-0a58ac1454b0"
          },
          "sensitive_attributes": [],
          "private": "bnVsbA=="
        }
      ]
    },
    {
      "module": "module.semiphemeral",
      "mode": "managed",
      "type": "digitalocean_volume_attachment",
      "name": "db_data",
      "provider": "provider[\"registry.terraform.io/digitalocean/digitalocean\"]",
      "instances": [
        {
          "schema_version": 0,
          "attributes": {
            "droplet_id": 323084264,
            "id": "323084264-9b9400a5-558e-11ed-90c3-0a58ac1454b0-20221027003133059300000001",
            "volume_id": "9b9400a5-558e-11ed-90c3-0a58ac1454b0"
          },
          "sensitive_attributes": [],
          "private": "bnVsbA==",
          "dependencies": [
            "module.semiphemeral.digitalocean_droplet.db",
            "module.semiphemeral.digitalocean_volume.db_data",
            "module.semiphemeral.digitalocean_vpc.semiphemeral"
          ]
        }
      ]
    },
    {
      "module": "module.semiphemeral",
      "mode": "managed",
      "type": "digitalocean_vpc",
      "name": "semiphemeral",
      "provider": "provider[\"registry.terraform.io/digitalocean/digitalocean\"]",
      "instances": [
        {
          "schema_version": 0,
          "attributes": {
            "created_at": "2022-10-27 00:30:50 +0000 UTC",
            "default": false,
            "description": "",
            "id": "c98fa6ac-a4a4-41dd-b04d-e6c58bf6af7f",
            "ip_range": "10.116.16.0/20",
            "name": "semiphemeral-staging",
            "region": "nyc1",
            "timeouts": null,
            "urn": "do:vpc:c98fa6ac-a4a4-41dd-b04d-e6c58bf6af7f"
          },
          "sensitive_attributes": [],
          "private": "eyJlMmJmYjczMC1lY2FhLTExZTYtOGY4OC0zNDM2M2JjN2M0YzAiOnsiZGVsZXRlIjoxMjAwMDAwMDAwMDB9fQ=="
        }
      ]
    }
  ],
  "check_results": []
}
