{
  "version": 4,
  "terraform_version": "0.12.21",
  "serial": 15,
  "lineage": "2efccb66-93bd-3d5b-3e44-1ed500e5bf55",
  "outputs": {
    "app_ip": {
      "value": "104.248.239.184",
      "type": "string"
    },
    "database_host": {
      "value": "private-db-staging-do-user-6908292-0.a.db.ondigitalocean.com",
      "type": "string"
    },
    "database_name": {
      "value": "pool-01-staging",
      "type": "string"
    },
    "database_password": {
      "value": "vdt1ufxqfywcoh71",
      "type": "string"
    },
    "database_port": {
      "value": 25061,
      "type": "number"
    },
    "database_uri": {
      "value": "postgresql://doadmin:vdt1ufxqfywcoh71@private-db-staging-do-user-6908292-0.a.db.ondigitalocean.com:25061/pool-01-staging?sslmode=require",
      "type": "string"
    },
    "database_user": {
      "value": "doadmin",
      "type": "string"
    },
    "postbird_url": {
      "value": "postgresql://doadmin:vdt1ufxqfywcoh71@localhost:5432/defaultdb?ssl=true",
      "type": "string"
    }
  },
  "resources": [
    {
      "module": "module.semiphemeral",
      "mode": "managed",
      "type": "digitalocean_database_cluster",
      "name": "db",
      "provider": "provider.digitalocean",
      "instances": [
        {
          "schema_version": 0,
          "attributes": {
            "database": "defaultdb",
            "engine": "pg",
            "eviction_policy": null,
            "host": "db-staging-do-user-6908292-0.a.db.ondigitalocean.com",
            "id": "b66952a4-be88-4ffc-890f-dc0d8e0bde52",
            "maintenance_window": [],
            "name": "db-staging",
            "node_count": 1,
            "password": "vdt1ufxqfywcoh71",
            "port": 25060,
            "private_host": "private-db-staging-do-user-6908292-0.a.db.ondigitalocean.com",
            "private_uri": "postgresql://doadmin:vdt1ufxqfywcoh71@private-db-staging-do-user-6908292-0.a.db.ondigitalocean.com:25060/defaultdb?sslmode=require",
            "region": "nyc1",
            "size": "db-s-1vcpu-1gb",
            "sql_mode": null,
            "tags": [],
            "uri": "postgresql://doadmin:vdt1ufxqfywcoh71@db-staging-do-user-6908292-0.a.db.ondigitalocean.com:25060/defaultdb?sslmode=require",
            "urn": "do:dbaas:b66952a4-be88-4ffc-890f-dc0d8e0bde52",
            "user": "doadmin",
            "version": "11"
          },
          "private": "bnVsbA=="
        }
      ]
    },
    {
      "module": "module.semiphemeral",
      "mode": "managed",
      "type": "digitalocean_database_connection_pool",
      "name": "pool",
      "provider": "provider.digitalocean",
      "instances": [
        {
          "schema_version": 0,
          "attributes": {
            "cluster_id": "b66952a4-be88-4ffc-890f-dc0d8e0bde52",
            "db_name": "defaultdb",
            "host": "db-staging-do-user-6908292-0.a.db.ondigitalocean.com",
            "id": "b66952a4-be88-4ffc-890f-dc0d8e0bde52/pool-01-staging",
            "mode": "session",
            "name": "pool-01-staging",
            "password": "vdt1ufxqfywcoh71",
            "port": 25061,
            "private_host": "private-db-staging-do-user-6908292-0.a.db.ondigitalocean.com",
            "private_uri": "postgresql://doadmin:vdt1ufxqfywcoh71@private-db-staging-do-user-6908292-0.a.db.ondigitalocean.com:25061/pool-01-staging?sslmode=require",
            "size": 20,
            "uri": "postgresql://doadmin:vdt1ufxqfywcoh71@db-staging-do-user-6908292-0.a.db.ondigitalocean.com:25061/pool-01-staging?sslmode=require",
            "user": "doadmin"
          },
          "private": "bnVsbA==",
          "dependencies": [
            "module.semiphemeral.digitalocean_database_cluster.db"
          ]
        }
      ]
    },
    {
      "module": "module.semiphemeral",
      "mode": "managed",
      "type": "digitalocean_database_firewall",
      "name": "fw",
      "provider": "provider.digitalocean",
      "instances": [
        {
          "schema_version": 0,
          "attributes": {
            "cluster_id": "b66952a4-be88-4ffc-890f-dc0d8e0bde52",
            "id": "b66952a4-be88-4ffc-890f-dc0d8e0bde52-20200228225707594600000001",
            "rule": [
              {
                "created_at": "2020-02-28T22:56:23Z",
                "type": "droplet",
                "uuid": "5b6f841b-b219-4b33-87b7-43c80f985290",
                "value": "182622266"
              }
            ]
          },
          "private": "bnVsbA==",
          "dependencies": [
            "module.semiphemeral.digitalocean_database_cluster.db",
            "module.semiphemeral.digitalocean_droplet.app"
          ]
        }
      ]
    },
    {
      "module": "module.semiphemeral",
      "mode": "managed",
      "type": "digitalocean_domain",
      "name": "domain",
      "provider": "provider.digitalocean",
      "instances": [
        {
          "schema_version": 0,
          "attributes": {
            "id": "staging.semiphemeral.com",
            "ip_address": "104.248.239.184",
            "name": "staging.semiphemeral.com",
            "urn": "do:domain:staging.semiphemeral.com"
          },
          "private": "bnVsbA==",
          "dependencies": [
            "module.semiphemeral.digitalocean_droplet.app"
          ]
        }
      ]
    },
    {
      "module": "module.semiphemeral",
      "mode": "managed",
      "type": "digitalocean_droplet",
      "name": "app",
      "provider": "provider.digitalocean",
      "instances": [
        {
          "schema_version": 1,
          "attributes": {
            "backups": false,
            "created_at": "2020-02-28T22:50:41Z",
            "disk": 60,
            "id": "182622266",
            "image": "ubuntu-18-04-x64",
            "ipv4_address": "104.248.239.184",
            "ipv4_address_private": "10.136.203.204",
            "ipv6": false,
            "ipv6_address": "",
            "ipv6_address_private": null,
            "locked": false,
            "memory": 2048,
            "monitoring": false,
            "name": "app-staging",
            "price_hourly": 0.02232,
            "price_monthly": 15,
            "private_networking": true,
            "region": "nyc1",
            "resize_disk": true,
            "size": "s-2vcpu-2gb",
            "ssh_keys": [
              "fa:33:3e:67:46:1b:e2:46:91:00:35:70:53:97:2f:0d"
            ],
            "status": "active",
            "tags": [],
            "urn": "do:droplet:182622266",
            "user_data": null,
            "vcpus": 2,
            "volume_ids": []
          },
          "private": "eyJzY2hlbWFfdmVyc2lvbiI6IjEifQ=="
        }
      ]
    },
    {
      "module": "module.semiphemeral",
      "mode": "managed",
      "type": "digitalocean_firewall",
      "name": "app",
      "provider": "provider.digitalocean",
      "instances": [
        {
          "schema_version": 0,
          "attributes": {
            "created_at": null,
            "droplet_ids": [
              182622266
            ],
            "id": "29fcefec-d5ad-4e16-bf79-2341d76a416b",
            "inbound_rule": [
              {
                "port_range": "",
                "protocol": "icmp",
                "source_addresses": [
                  "193.148.18.219"
                ],
                "source_droplet_ids": [],
                "source_load_balancer_uids": [],
                "source_tags": []
              },
              {
                "port_range": "22",
                "protocol": "tcp",
                "source_addresses": [
                  "193.148.18.219"
                ],
                "source_droplet_ids": [],
                "source_load_balancer_uids": [],
                "source_tags": []
              },
              {
                "port_range": "443",
                "protocol": "tcp",
                "source_addresses": [
                  "193.148.18.219"
                ],
                "source_droplet_ids": [],
                "source_load_balancer_uids": [],
                "source_tags": []
              },
              {
                "port_range": "80",
                "protocol": "tcp",
                "source_addresses": [
                  "193.148.18.219"
                ],
                "source_droplet_ids": [],
                "source_load_balancer_uids": [],
                "source_tags": []
              }
            ],
            "name": "ssh-http-https-postgresql-staging",
            "outbound_rule": [
              {
                "destination_addresses": [
                  "0.0.0.0/0",
                  "::/0"
                ],
                "destination_droplet_ids": [],
                "destination_load_balancer_uids": [],
                "destination_tags": [],
                "port_range": "",
                "protocol": "icmp"
              },
              {
                "destination_addresses": [
                  "0.0.0.0/0",
                  "::/0"
                ],
                "destination_droplet_ids": [],
                "destination_load_balancer_uids": [],
                "destination_tags": [],
                "port_range": "25060",
                "protocol": "tcp"
              },
              {
                "destination_addresses": [
                  "0.0.0.0/0",
                  "::/0"
                ],
                "destination_droplet_ids": [],
                "destination_load_balancer_uids": [],
                "destination_tags": [],
                "port_range": "25061",
                "protocol": "tcp"
              },
              {
                "destination_addresses": [
                  "0.0.0.0/0",
                  "::/0"
                ],
                "destination_droplet_ids": [],
                "destination_load_balancer_uids": [],
                "destination_tags": [],
                "port_range": "443",
                "protocol": "tcp"
              },
              {
                "destination_addresses": [
                  "0.0.0.0/0",
                  "::/0"
                ],
                "destination_droplet_ids": [],
                "destination_load_balancer_uids": [],
                "destination_tags": [],
                "port_range": "53",
                "protocol": "tcp"
              },
              {
                "destination_addresses": [
                  "0.0.0.0/0",
                  "::/0"
                ],
                "destination_droplet_ids": [],
                "destination_load_balancer_uids": [],
                "destination_tags": [],
                "port_range": "53",
                "protocol": "udp"
              },
              {
                "destination_addresses": [
                  "0.0.0.0/0",
                  "::/0"
                ],
                "destination_droplet_ids": [],
                "destination_load_balancer_uids": [],
                "destination_tags": [],
                "port_range": "80",
                "protocol": "tcp"
              }
            ],
            "pending_changes": [],
            "status": "succeeded",
            "tags": []
          },
          "private": "bnVsbA==",
          "dependencies": [
            "module.semiphemeral.digitalocean_droplet.app"
          ]
        }
      ]
    },
    {
      "module": "module.semiphemeral",
      "mode": "managed",
      "type": "digitalocean_record",
      "name": "helm_cname",
      "provider": "provider.digitalocean",
      "instances": [
        {
          "schema_version": 0,
          "attributes": {
            "domain": "staging.semiphemeral.com",
            "flags": 0,
            "fqdn": "mail._domainkey.staging.semiphemeral.com",
            "id": "91275888",
            "name": "mail._domainkey",
            "port": 0,
            "priority": 0,
            "tag": "",
            "ttl": 3600,
            "type": "CNAME",
            "value": "mail._domainkey.micahflee.com.",
            "weight": 0
          },
          "private": "bnVsbA==",
          "dependencies": [
            "module.semiphemeral.digitalocean_domain.domain",
            "module.semiphemeral.digitalocean_droplet.app"
          ]
        }
      ]
    },
    {
      "module": "module.semiphemeral",
      "mode": "managed",
      "type": "digitalocean_record",
      "name": "helm_mx",
      "provider": "provider.digitalocean",
      "instances": [
        {
          "schema_version": 0,
          "attributes": {
            "domain": "staging.semiphemeral.com",
            "flags": 0,
            "fqdn": "@.staging.semiphemeral.com",
            "id": "91275891",
            "name": "@",
            "port": 0,
            "priority": 10,
            "tag": "",
            "ttl": 3600,
            "type": "MX",
            "value": "helm.micahflee.com.",
            "weight": 0
          },
          "private": "bnVsbA==",
          "dependencies": [
            "module.semiphemeral.digitalocean_domain.domain",
            "module.semiphemeral.digitalocean_droplet.app"
          ]
        }
      ]
    },
    {
      "module": "module.semiphemeral",
      "mode": "managed",
      "type": "digitalocean_record",
      "name": "helm_txt1",
      "provider": "provider.digitalocean",
      "instances": [
        {
          "schema_version": 0,
          "attributes": {
            "domain": "staging.semiphemeral.com",
            "flags": 0,
            "fqdn": "@.staging.semiphemeral.com",
            "id": "91275890",
            "name": "@",
            "port": 0,
            "priority": 0,
            "tag": "",
            "ttl": 3600,
            "type": "TXT",
            "value": "v=spf1 include:micahflee.com -all",
            "weight": 0
          },
          "private": "bnVsbA==",
          "dependencies": [
            "module.semiphemeral.digitalocean_domain.domain",
            "module.semiphemeral.digitalocean_droplet.app"
          ]
        }
      ]
    },
    {
      "module": "module.semiphemeral",
      "mode": "managed",
      "type": "digitalocean_record",
      "name": "helm_txt2",
      "provider": "provider.digitalocean",
      "instances": [
        {
          "schema_version": 0,
          "attributes": {
            "domain": "staging.semiphemeral.com",
            "flags": 0,
            "fqdn": "_dmarc.staging.semiphemeral.com",
            "id": "91275889",
            "name": "_dmarc",
            "port": 0,
            "priority": 0,
            "tag": "",
            "ttl": 3600,
            "type": "TXT",
            "value": "v=DMARC1; p=reject; sp=reject; pct=100; aspf=r; fo=0; rua=mailto:postmaster@semiphemeral.com",
            "weight": 0
          },
          "private": "bnVsbA==",
          "dependencies": [
            "module.semiphemeral.digitalocean_domain.domain",
            "module.semiphemeral.digitalocean_droplet.app"
          ]
        }
      ]
    }
  ]
}
