{
  "version": 4,
  "terraform_version": "0.12.18",
  "serial": 27,
  "lineage": "16a0ff0f-fefa-126a-7df3-1f3a4f5dadc7",
  "outputs": {
    "app_ip": {
      "value": "206.81.9.52",
      "type": "string"
    },
    "database_host": {
      "value": "private-db-production-do-user-6908292-0.db.ondigitalocean.com",
      "type": "string"
    },
    "database_name": {
      "value": "defaultdb",
      "type": "string"
    },
    "database_password": {
      "value": "e87yh5iim7rd0ilu",
      "type": "string"
    },
    "database_uri": {
      "value": "postgresql://doadmin:e87yh5iim7rd0ilu@private-db-production-do-user-6908292-0.db.ondigitalocean.com:25060/defaultdb?sslmode=require",
      "type": "string"
    },
    "database_user": {
      "value": "doadmin",
      "type": "string"
    }
  },
  "resources": [
    {
      "module": "module.semiphemeral",
      "mode": "managed",
      "type": "digitalocean_database_cluster",
      "name": "db",
      "provider": "provider.digitalocean",
      "instances": [
        {
          "schema_version": 0,
          "attributes": {
            "database": "defaultdb",
            "engine": "pg",
            "eviction_policy": null,
            "host": "db-production-do-user-6908292-0.db.ondigitalocean.com",
            "id": "19911cd4-03bf-40d6-ae7d-e25885ba4aff",
            "maintenance_window": [],
            "name": "db-production",
            "node_count": 1,
            "password": "e87yh5iim7rd0ilu",
            "port": 25060,
            "private_host": "private-db-production-do-user-6908292-0.db.ondigitalocean.com",
            "private_uri": "postgresql://doadmin:e87yh5iim7rd0ilu@private-db-production-do-user-6908292-0.db.ondigitalocean.com:25060/defaultdb?sslmode=require",
            "region": "nyc1",
            "size": "db-s-1vcpu-1gb",
            "sql_mode": null,
            "tags": null,
            "uri": "postgresql://doadmin:e87yh5iim7rd0ilu@db-production-do-user-6908292-0.db.ondigitalocean.com:25060/defaultdb?sslmode=require",
            "urn": "do:dbaas:19911cd4-03bf-40d6-ae7d-e25885ba4aff",
            "user": "doadmin",
            "version": "11"
          },
          "private": "bnVsbA=="
        }
      ]
    },
    {
      "module": "module.semiphemeral",
      "mode": "managed",
      "type": "digitalocean_database_firewall",
      "name": "fw",
      "provider": "provider.digitalocean",
      "instances": [
        {
          "schema_version": 0,
          "attributes": {
            "cluster_id": "19911cd4-03bf-40d6-ae7d-e25885ba4aff",
            "id": "19911cd4-03bf-40d6-ae7d-e25885ba4aff-20200209222121485800000001",
            "rule": [
              {
                "created_at": "2020-02-09T22:21:21Z",
                "type": "droplet",
                "uuid": "ef7102d9-41fd-4fde-9c34-ba8723ac173d",
                "value": "179656400"
              }
            ]
          },
          "private": "bnVsbA==",
          "dependencies": [
            "module.semiphemeral.digitalocean_database_cluster.db",
            "module.semiphemeral.digitalocean_droplet.app"
          ]
        }
      ]
    },
    {
      "module": "module.semiphemeral",
      "mode": "managed",
      "type": "digitalocean_domain",
      "name": "domain",
      "provider": "provider.digitalocean",
      "instances": [
        {
          "schema_version": 0,
          "attributes": {
            "id": "semiphemeral.com",
            "ip_address": "206.81.9.52",
            "name": "semiphemeral.com",
            "urn": "do:domain:semiphemeral.com"
          },
          "private": "bnVsbA==",
          "dependencies": [
            "module.semiphemeral.digitalocean_droplet.app"
          ]
        }
      ]
    },
    {
      "module": "module.semiphemeral",
      "mode": "managed",
      "type": "digitalocean_droplet",
      "name": "app",
      "provider": "provider.digitalocean",
      "instances": [
        {
          "schema_version": 1,
          "attributes": {
            "backups": false,
            "created_at": "2020-02-09T22:14:24Z",
            "disk": 60,
            "id": "179656400",
            "image": "ubuntu-18-04-x64",
            "ipv4_address": "206.81.9.52",
            "ipv4_address_private": "10.136.63.6",
            "ipv6": false,
            "ipv6_address": "",
            "ipv6_address_private": null,
            "locked": false,
            "memory": 2048,
            "monitoring": false,
            "name": "app-production",
            "price_hourly": 0.02232,
            "price_monthly": 15,
            "private_networking": true,
            "region": "nyc1",
            "resize_disk": true,
            "size": "s-2vcpu-2gb",
            "ssh_keys": [
              "fa:33:3e:67:46:1b:e2:46:91:00:35:70:53:97:2f:0d"
            ],
            "status": "active",
            "tags": [],
            "urn": "do:droplet:179656400",
            "user_data": null,
            "vcpus": 2,
            "volume_ids": []
          },
          "private": "eyJzY2hlbWFfdmVyc2lvbiI6IjEifQ=="
        }
      ]
    },
    {
      "module": "module.semiphemeral",
      "mode": "managed",
      "type": "digitalocean_firewall",
      "name": "app",
      "provider": "provider.digitalocean",
      "instances": [
        {
          "schema_version": 0,
          "attributes": {
            "created_at": null,
            "droplet_ids": [
              179656400
            ],
            "id": "89af9eba-9e60-431d-b96b-45610e855120",
            "inbound_rule": [
              {
                "port_range": "",
                "protocol": "icmp",
                "source_addresses": [
                  "0.0.0.0/0",
                  "::/0"
                ],
                "source_droplet_ids": [],
                "source_load_balancer_uids": [],
                "source_tags": []
              },
              {
                "port_range": "22",
                "protocol": "tcp",
                "source_addresses": [
                  "68.235.43.46"
                ],
                "source_droplet_ids": [],
                "source_load_balancer_uids": [],
                "source_tags": []
              },
              {
                "port_range": "443",
                "protocol": "tcp",
                "source_addresses": [
                  "0.0.0.0/0",
                  "::/0"
                ],
                "source_droplet_ids": [],
                "source_load_balancer_uids": [],
                "source_tags": []
              },
              {
                "port_range": "80",
                "protocol": "tcp",
                "source_addresses": [
                  "0.0.0.0/0",
                  "::/0"
                ],
                "source_droplet_ids": [],
                "source_load_balancer_uids": [],
                "source_tags": []
              }
            ],
            "name": "ssh-http-https-postgresql-production",
            "outbound_rule": [
              {
                "destination_addresses": [
                  "0.0.0.0/0",
                  "::/0"
                ],
                "destination_droplet_ids": [],
                "destination_load_balancer_uids": [],
                "destination_tags": [],
                "port_range": "",
                "protocol": "icmp"
              },
              {
                "destination_addresses": [
                  "0.0.0.0/0",
                  "::/0"
                ],
                "destination_droplet_ids": [],
                "destination_load_balancer_uids": [],
                "destination_tags": [],
                "port_range": "25060",
                "protocol": "tcp"
              },
              {
                "destination_addresses": [
                  "0.0.0.0/0",
                  "::/0"
                ],
                "destination_droplet_ids": [],
                "destination_load_balancer_uids": [],
                "destination_tags": [],
                "port_range": "443",
                "protocol": "tcp"
              },
              {
                "destination_addresses": [
                  "0.0.0.0/0",
                  "::/0"
                ],
                "destination_droplet_ids": [],
                "destination_load_balancer_uids": [],
                "destination_tags": [],
                "port_range": "53",
                "protocol": "tcp"
              },
              {
                "destination_addresses": [
                  "0.0.0.0/0",
                  "::/0"
                ],
                "destination_droplet_ids": [],
                "destination_load_balancer_uids": [],
                "destination_tags": [],
                "port_range": "53",
                "protocol": "udp"
              },
              {
                "destination_addresses": [
                  "0.0.0.0/0",
                  "::/0"
                ],
                "destination_droplet_ids": [],
                "destination_load_balancer_uids": [],
                "destination_tags": [],
                "port_range": "80",
                "protocol": "tcp"
              }
            ],
            "pending_changes": [],
            "status": "succeeded",
            "tags": []
          },
          "private": "bnVsbA==",
          "dependencies": [
            "module.semiphemeral.digitalocean_droplet.app"
          ]
        }
      ]
    }
  ]
}
